PODS:
  - Charts (4.1.0):
    - Charts/Core (= 4.1.0)
  - Charts/Core (4.1.0):
    - SwiftAlgorithms (~> 1.0)
  - SwiftAlgorithms (1.0.0)
  - TinyConstraints (4.0.1)
  - WellbeingChart (2.0.3):
    - Charts (~> 4.1.0)
    - TinyConstraints (~> 4.0.1)

DEPENDENCIES:
  - WellbeingChart (from `../`)

SPEC REPOS:
  trunk:
    - Charts
    - SwiftAlgorithms
    - TinyConstraints

EXTERNAL SOURCES:
  WellbeingChart:
    :path: "../"

SPEC CHECKSUMS:
  Charts: 354f86803d11d9c35de280587fef50d1af063978
  SwiftAlgorithms: 38dda4731d19027fdeee1125f973111bf3386b53
  TinyConstraints: 8dd91295e56797648c7bc335dd20e1d91ec4c192
  WellbeingChart: 525889dcbe58994c7b18fa32ddf2b9ef1e4a346d

PODFILE CHECKSUM: 2278d044502598e8aa0e2660b90a1a0242f90b1d

COCOAPODS: 1.11.3
